
Microsoft Visual Studio Solution File, Format Version 12.00
# Visual Studio 15
VisualStudioVersion = 15.0.27703.2026
MinimumVisualStudioVersion = 10.0.40219.1
Project("{FAE04EC0-301F-11D3-BF4B-00C04F79EFBC}") = "SampleWebApplication", "SampleWebApplication\SampleWebApplication.csproj", "{52628FBF-8B82-42DE-94B1-D1643AEA8256}"
EndProject
Global
	GlobalSection(SolutionConfigurationPlatforms) = preSolution
		Debug|Any CPU = Debug|Any CPU
		Release|Any CPU = Release|Any CPU
	EndGlobalSection
	GlobalSection(ProjectConfigurationPlatforms) = postSolution
		{52628FBF-8B82-42DE-94B1-D1643AEA8256}.Debug|Any CPU.ActiveCfg = Debug|Any CPU
		{52628FBF-8B82-42DE-94B1-D1643AEA8256}.Debug|Any CPU.Build.0 = Debug|Any CPU
		{52628FBF-8B82-42DE-94B1-D1643AEA8256}.Release|Any CPU.ActiveCfg = Release|Any CPU
		{52628FBF-8B82-42DE-94B1-D1643AEA8256}.Release|Any CPU.Build.0 = Release|Any CPU
	EndGlobalSection
	GlobalSection(SolutionProperties) = preSolution
		HideSolutionNode = FALSE
	EndGlobalSection
	GlobalSection(ExtensibilityGlobals) = postSolution
		SolutionGuid = {DF857A98-8DE2-459B-B680-C7DDBD6734FB}
	EndGlobalSection
EndGlobal
